
Microsoft Visual Studio Solution File, Format Version 12.00
# Visual Studio 15
Project("{FAE04EC0-301F-11D3-BF4B-00C04F79EFBC}") = "XAMLDesignThinking.Android", "XAMLDesignThinking.Android\XAMLDesignThinking.Android.csproj", "{C7BC5F06-CF91-46A8-BDA5-3D3325262559}"
EndProject
Project("{FAE04EC0-301F-11D3-BF4B-00C04F79EFBC}") = "XAMLDesignThinking.iOS", "XAMLDesignThinking.iOS\XAMLDesignThinking.iOS.csproj", "{0177D64F-FD02-4E2D-B4DE-7F59106A0F6F}"
EndProject
Project("{FAE04EC0-301F-11D3-BF4B-00C04F79EFBC}") = "XAMLDesignThinking", "XAMLDesignThinking\XAMLDesignThinking.csproj", "{FF3C6CE6-6F50-42BC-84EF-989365A611A2}"
EndProject
Global
	GlobalSection(SolutionConfigurationPlatforms) = preSolution
		Debug|Any CPU = Debug|Any CPU
		Release|Any CPU = Release|Any CPU
		Debug|iPhoneSimulator = Debug|iPhoneSimulator
		Release|iPhoneSimulator = Release|iPhoneSimulator
		Debug|iPhone = Debug|iPhone
		Release|iPhone = Release|iPhone
	EndGlobalSection
	GlobalSection(ProjectConfigurationPlatforms) = postSolution
		{C7BC5F06-CF91-46A8-BDA5-3D3325262559}.Debug|Any CPU.ActiveCfg = Debug|Any CPU
		{C7BC5F06-CF91-46A8-BDA5-3D3325262559}.Debug|Any CPU.Build.0 = Debug|Any CPU
		{C7BC5F06-CF91-46A8-BDA5-3D3325262559}.Release|Any CPU.ActiveCfg = Release|Any CPU
		{C7BC5F06-CF91-46A8-BDA5-3D3325262559}.Release|Any CPU.Build.0 = Release|Any CPU
		{C7BC5F06-CF91-46A8-BDA5-3D3325262559}.Debug|iPhoneSimulator.ActiveCfg = Debug|Any CPU
		{C7BC5F06-CF91-46A8-BDA5-3D3325262559}.Debug|iPhoneSimulator.Build.0 = Debug|Any CPU
		{C7BC5F06-CF91-46A8-BDA5-3D3325262559}.Release|iPhoneSimulator.ActiveCfg = Release|Any CPU
		{C7BC5F06-CF91-46A8-BDA5-3D3325262559}.Release|iPhoneSimulator.Build.0 = Release|Any CPU
		{C7BC5F06-CF91-46A8-BDA5-3D3325262559}.Debug|iPhone.ActiveCfg = Debug|Any CPU
		{C7BC5F06-CF91-46A8-BDA5-3D3325262559}.Debug|iPhone.Build.0 = Debug|Any CPU
		{C7BC5F06-CF91-46A8-BDA5-3D3325262559}.Release|iPhone.ActiveCfg = Release|Any CPU
		{C7BC5F06-CF91-46A8-BDA5-3D3325262559}.Release|iPhone.Build.0 = Release|Any CPU
		{0177D64F-FD02-4E2D-B4DE-7F59106A0F6F}.Debug|Any CPU.ActiveCfg = Debug|iPhoneSimulator
		{0177D64F-FD02-4E2D-B4DE-7F59106A0F6F}.Debug|Any CPU.Build.0 = Debug|iPhoneSimulator
		{0177D64F-FD02-4E2D-B4DE-7F59106A0F6F}.Release|Any CPU.ActiveCfg = Release|iPhoneSimulator
		{0177D64F-FD02-4E2D-B4DE-7F59106A0F6F}.Release|Any CPU.Build.0 = Release|iPhoneSimulator
		{0177D64F-FD02-4E2D-B4DE-7F59106A0F6F}.Debug|iPhoneSimulator.ActiveCfg = Debug|iPhoneSimulator
		{0177D64F-FD02-4E2D-B4DE-7F59106A0F6F}.Debug|iPhoneSimulator.Build.0 = Debug|iPhoneSimulator
		{0177D64F-FD02-4E2D-B4DE-7F59106A0F6F}.Release|iPhoneSimulator.ActiveCfg = Release|iPhoneSimulator
		{0177D64F-FD02-4E2D-B4DE-7F59106A0F6F}.Release|iPhoneSimulator.Build.0 = Release|iPhoneSimulator
		{0177D64F-FD02-4E2D-B4DE-7F59106A0F6F}.Debug|iPhone.ActiveCfg = Debug|iPhone
		{0177D64F-FD02-4E2D-B4DE-7F59106A0F6F}.Debug|iPhone.Build.0 = Debug|iPhone
		{0177D64F-FD02-4E2D-B4DE-7F59106A0F6F}.Release|iPhone.ActiveCfg = Release|iPhone
		{0177D64F-FD02-4E2D-B4DE-7F59106A0F6F}.Release|iPhone.Build.0 = Release|iPhone
		{FF3C6CE6-6F50-42BC-84EF-989365A611A2}.Debug|Any CPU.ActiveCfg = Debug|Any CPU
		{FF3C6CE6-6F50-42BC-84EF-989365A611A2}.Debug|Any CPU.Build.0 = Debug|Any CPU
		{FF3C6CE6-6F50-42BC-84EF-989365A611A2}.Release|Any CPU.ActiveCfg = Release|Any CPU
		{FF3C6CE6-6F50-42BC-84EF-989365A611A2}.Release|Any CPU.Build.0 = Release|Any CPU
		{FF3C6CE6-6F50-42BC-84EF-989365A611A2}.Debug|iPhoneSimulator.ActiveCfg = Debug|Any CPU
		{FF3C6CE6-6F50-42BC-84EF-989365A611A2}.Debug|iPhoneSimulator.Build.0 = Debug|Any CPU
		{FF3C6CE6-6F50-42BC-84EF-989365A611A2}.Release|iPhoneSimulator.ActiveCfg = Release|Any CPU
		{FF3C6CE6-6F50-42BC-84EF-989365A611A2}.Release|iPhoneSimulator.Build.0 = Release|Any CPU
		{FF3C6CE6-6F50-42BC-84EF-989365A611A2}.Debug|iPhone.ActiveCfg = Debug|Any CPU
		{FF3C6CE6-6F50-42BC-84EF-989365A611A2}.Debug|iPhone.Build.0 = Debug|Any CPU
		{FF3C6CE6-6F50-42BC-84EF-989365A611A2}.Release|iPhone.ActiveCfg = Release|Any CPU
		{FF3C6CE6-6F50-42BC-84EF-989365A611A2}.Release|iPhone.Build.0 = Release|Any CPU
	EndGlobalSection
EndGlobal
